// !$*UTF8*$!
{
	archiveVersion = 1;
	classes = {
	};
	objectVersion = 56;
	objects = {

/* Begin PBXBuildFile section */
		1E102D9829B01B4700C7D4F1 /* Collection+Extension.swift in Sources */ = {isa = PBXBuildFile; fileRef = 1E102D9729B01B4700C7D4F1 /* Collection+Extension.swift */; };
		1E102D9A29B0210200C7D4F1 /* Image+Extension.swift in Sources */ = {isa = PBXBuildFile; fileRef = 1E102D9929B0210200C7D4F1 /* Image+Extension.swift */; };
		1E24794D29AFE286003A3D99 /* Property+CoreData.swift in Sources */ = {isa = PBXBuildFile; fileRef = 1E24794729AFE286003A3D99 /* Property+CoreData.swift */; };
		1E24795629AFF00A003A3D99 /* Identifier+CoreData.swift in Sources */ = {isa = PBXBuildFile; fileRef = 1E24795429AFF00A003A3D99 /* Identifier+CoreData.swift */; };
		1E24795929AFF085003A3D99 /* String+Extension.swift in Sources */ = {isa = PBXBuildFile; fileRef = 1E24795829AFF085003A3D99 /* String+Extension.swift */; };
		1E24795B29AFF696003A3D99 /* Date+Extension.swift in Sources */ = {isa = PBXBuildFile; fileRef = 1E24795A29AFF696003A3D99 /* Date+Extension.swift */; };
		1E24795D29AFF77E003A3D99 /* Int+Extension.swift in Sources */ = {isa = PBXBuildFile; fileRef = 1E24795C29AFF77E003A3D99 /* Int+Extension.swift */; };
		1E24796029AFFC88003A3D99 /* Triad+Protocol.swift in Sources */ = {isa = PBXBuildFile; fileRef = 1E24795F29AFFC88003A3D99 /* Triad+Protocol.swift */; };
		1E24796229B006B1003A3D99 /* Enum+Protocol.swift in Sources */ = {isa = PBXBuildFile; fileRef = 1E24796129B006B1003A3D99 /* Enum+Protocol.swift */; };
		1E24796529B007B4003A3D99 /* Enumeration.swift in Sources */ = {isa = PBXBuildFile; fileRef = 1E24796429B007B4003A3D99 /* Enumeration.swift */; };
		1E24796829B0092D003A3D99 /* Device+CoreData.swift in Sources */ = {isa = PBXBuildFile; fileRef = 1E24796629B0092D003A3D99 /* Device+CoreData.swift */; };
		1E7DA00529B37FFC005629C4 /* IconView.swift in Sources */ = {isa = PBXBuildFile; fileRef = 1E7DA00429B37FFC005629C4 /* IconView.swift */; };
		6269E2EE29AFD7DF00A8DF47 /* AutoSaveMockApp.swift in Sources */ = {isa = PBXBuildFile; fileRef = 6269E2ED29AFD7DF00A8DF47 /* AutoSaveMockApp.swift */; };
		6269E2F029AFD7DF00A8DF47 /* ContentView.swift in Sources */ = {isa = PBXBuildFile; fileRef = 6269E2EF29AFD7DF00A8DF47 /* ContentView.swift */; };
		6269E2F229AFD7EA00A8DF47 /* Assets.xcassets in Resources */ = {isa = PBXBuildFile; fileRef = 6269E2F129AFD7EA00A8DF47 /* Assets.xcassets */; };
		6269E2F529AFD7EA00A8DF47 /* Preview Assets.xcassets in Resources */ = {isa = PBXBuildFile; fileRef = 6269E2F429AFD7EA00A8DF47 /* Preview Assets.xcassets */; };
		6269E2F729AFD7EA00A8DF47 /* Persistence.swift in Sources */ = {isa = PBXBuildFile; fileRef = 6269E2F629AFD7EA00A8DF47 /* Persistence.swift */; };
		6269E2FA29AFD7EA00A8DF47 /* AutoSaveMock.xcdatamodeld in Sources */ = {isa = PBXBuildFile; fileRef = 6269E2F829AFD7EA00A8DF47 /* AutoSaveMock.xcdatamodeld */; };
		62E84B5129B0FF1900F4168D /* Configuration.swift in Sources */ = {isa = PBXBuildFile; fileRef = 62E84B5029B0FF1900F4168D /* Configuration.swift */; };
		62E84B5329B0FF5A00F4168D /* MOC+Extension.swift in Sources */ = {isa = PBXBuildFile; fileRef = 62E84B5229B0FF5A00F4168D /* MOC+Extension.swift */; };
/* End PBXBuildFile section */

/* Begin PBXFileReference section */
		1E102D9729B01B4700C7D4F1 /* Collection+Extension.swift */ = {isa = PBXFileReference; lastKnownFileType = sourcecode.swift; path = "Collection+Extension.swift"; sourceTree = "<group>"; };
		1E102D9929B0210200C7D4F1 /* Image+Extension.swift */ = {isa = PBXFileReference; lastKnownFileType = sourcecode.swift; path = "Image+Extension.swift"; sourceTree = "<group>"; };
		1E24794729AFE286003A3D99 /* Property+CoreData.swift */ = {isa = PBXFileReference; lastKnownFileType = sourcecode.swift; path = "Property+CoreData.swift"; sourceTree = "<group>"; };
		1E24795429AFF00A003A3D99 /* Identifier+CoreData.swift */ = {isa = PBXFileReference; lastKnownFileType = sourcecode.swift; path = "Identifier+CoreData.swift"; sourceTree = "<group>"; };
		1E24795829AFF085003A3D99 /* String+Extension.swift */ = {isa = PBXFileReference; lastKnownFileType = sourcecode.swift; path = "String+Extension.swift"; sourceTree = "<group>"; };
		1E24795A29AFF696003A3D99 /* Date+Extension.swift */ = {isa = PBXFileReference; lastKnownFileType = sourcecode.swift; path = "Date+Extension.swift"; sourceTree = "<group>"; };
		1E24795C29AFF77E003A3D99 /* Int+Extension.swift */ = {isa = PBXFileReference; lastKnownFileType = sourcecode.swift; path = "Int+Extension.swift"; sourceTree = "<group>"; };
		1E24795F29AFFC88003A3D99 /* Triad+Protocol.swift */ = {isa = PBXFileReference; lastKnownFileType = sourcecode.swift; path = "Triad+Protocol.swift"; sourceTree = "<group>"; };
		1E24796129B006B1003A3D99 /* Enum+Protocol.swift */ = {isa = PBXFileReference; lastKnownFileType = sourcecode.swift; path = "Enum+Protocol.swift"; sourceTree = "<group>"; };
		1E24796429B007B4003A3D99 /* Enumeration.swift */ = {isa = PBXFileReference; lastKnownFileType = sourcecode.swift; path = Enumeration.swift; sourceTree = "<group>"; };
		1E24796629B0092D003A3D99 /* Device+CoreData.swift */ = {isa = PBXFileReference; lastKnownFileType = sourcecode.swift; path = "Device+CoreData.swift"; sourceTree = "<group>"; };
		1E7DA00429B37FFC005629C4 /* IconView.swift */ = {isa = PBXFileReference; lastKnownFileType = sourcecode.swift; path = IconView.swift; sourceTree = "<group>"; };
		6269E2EA29AFD7DF00A8DF47 /* AutoSaveMock.app */ = {isa = PBXFileReference; explicitFileType = wrapper.application; includeInIndex = 0; path = AutoSaveMock.app; sourceTree = BUILT_PRODUCTS_DIR; };
		6269E2ED29AFD7DF00A8DF47 /* AutoSaveMockApp.swift */ = {isa = PBXFileReference; lastKnownFileType = sourcecode.swift; path = AutoSaveMockApp.swift; sourceTree = "<group>"; };
		6269E2EF29AFD7DF00A8DF47 /* ContentView.swift */ = {isa = PBXFileReference; lastKnownFileType = sourcecode.swift; path = ContentView.swift; sourceTree = "<group>"; };
		6269E2F129AFD7EA00A8DF47 /* Assets.xcassets */ = {isa = PBXFileReference; lastKnownFileType = folder.assetcatalog; path = Assets.xcassets; sourceTree = "<group>"; };
		6269E2F429AFD7EA00A8DF47 /* Preview Assets.xcassets */ = {isa = PBXFileReference; lastKnownFileType = folder.assetcatalog; path = "Preview Assets.xcassets"; sourceTree = "<group>"; };
		6269E2F629AFD7EA00A8DF47 /* Persistence.swift */ = {isa = PBXFileReference; lastKnownFileType = sourcecode.swift; path = Persistence.swift; sourceTree = "<group>"; };
		6269E2F929AFD7EA00A8DF47 /* AutoSaveMock.xcdatamodel */ = {isa = PBXFileReference; lastKnownFileType = wrapper.xcdatamodel; path = AutoSaveMock.xcdatamodel; sourceTree = "<group>"; };
		62E84B5029B0FF1900F4168D /* Configuration.swift */ = {isa = PBXFileReference; lastKnownFileType = sourcecode.swift; path = Configuration.swift; sourceTree = "<group>"; };
		62E84B5229B0FF5A00F4168D /* MOC+Extension.swift */ = {isa = PBXFileReference; lastKnownFileType = sourcecode.swift; path = "MOC+Extension.swift"; sourceTree = "<group>"; };
/* End PBXFileReference section */

/* Begin PBXFrameworksBuildPhase section */
		6269E2E729AFD7DF00A8DF47 /* Frameworks */ = {
			isa = PBXFrameworksBuildPhase;
			buildActionMask = 2147483647;
			files = (
			);
			runOnlyForDeploymentPostprocessing = 0;
		};
/* End PBXFrameworksBuildPhase section */

/* Begin PBXGroup section */
		1E24794429AFDFA7003A3D99 /* View */ = {
			isa = PBXGroup;
			children = (
				6269E2EF29AFD7DF00A8DF47 /* ContentView.swift */,
				1E7DA00429B37FFC005629C4 /* IconView.swift */,
			);
			path = View;
			sourceTree = "<group>";
		};
		1E24794529AFDFC3003A3D99 /* CoreData */ = {
			isa = PBXGroup;
			children = (
				1E24795429AFF00A003A3D99 /* Identifier+CoreData.swift */,
				1E24796629B0092D003A3D99 /* Device+CoreData.swift */,
				1E24794729AFE286003A3D99 /* Property+CoreData.swift */,
				6269E2F829AFD7EA00A8DF47 /* AutoSaveMock.xcdatamodeld */,
				6269E2F629AFD7EA00A8DF47 /* Persistence.swift */,
			);
			path = CoreData;
			sourceTree = "<group>";
		};
		1E24795729AFF074003A3D99 /* Extension */ = {
			isa = PBXGroup;
			children = (
				1E102D9729B01B4700C7D4F1 /* Collection+Extension.swift */,
				1E24795829AFF085003A3D99 /* String+Extension.swift */,
				1E24795A29AFF696003A3D99 /* Date+Extension.swift */,
				1E24795C29AFF77E003A3D99 /* Int+Extension.swift */,
				1E102D9929B0210200C7D4F1 /* Image+Extension.swift */,
				62E84B5229B0FF5A00F4168D /* MOC+Extension.swift */,
			);
			path = Extension;
			sourceTree = "<group>";
		};
		1E24795E29AFFC73003A3D99 /* Protocol */ = {
			isa = PBXGroup;
			children = (
				1E24795F29AFFC88003A3D99 /* Triad+Protocol.swift */,
				1E24796129B006B1003A3D99 /* Enum+Protocol.swift */,
			);
			path = Protocol;
			sourceTree = "<group>";
		};
		6269E2E129AFD7DE00A8DF47 = {
			isa = PBXGroup;
			children = (
				6269E2EC29AFD7DF00A8DF47 /* AutoSaveMock */,
				6269E2EB29AFD7DF00A8DF47 /* Products */,
			);
			sourceTree = "<group>";
		};
		6269E2EB29AFD7DF00A8DF47 /* Products */ = {
			isa = PBXGroup;
			children = (
				6269E2EA29AFD7DF00A8DF47 /* AutoSaveMock.app */,
			);
			name = Products;
			sourceTree = "<group>";
		};
		6269E2EC29AFD7DF00A8DF47 /* AutoSaveMock */ = {
			isa = PBXGroup;
			children = (
				6269E2ED29AFD7DF00A8DF47 /* AutoSaveMockApp.swift */,
				62E84B5029B0FF1900F4168D /* Configuration.swift */,
				1E24796429B007B4003A3D99 /* Enumeration.swift */,
				1E24795E29AFFC73003A3D99 /* Protocol */,
				1E24795729AFF074003A3D99 /* Extension */,
				1E24794529AFDFC3003A3D99 /* CoreData */,
				1E24794429AFDFA7003A3D99 /* View */,
				6269E2F129AFD7EA00A8DF47 /* Assets.xcassets */,
				6269E2F329AFD7EA00A8DF47 /* Preview Content */,
			);
			path = AutoSaveMock;
			sourceTree = "<group>";
		};
		6269E2F329AFD7EA00A8DF47 /* Preview Content */ = {
			isa = PBXGroup;
			children = (
				6269E2F429AFD7EA00A8DF47 /* Preview Assets.xcassets */,
			);
			path = "Preview Content";
			sourceTree = "<group>";
		};
/* End PBXGroup section */

/* Begin PBXNativeTarget section */
		6269E2E929AFD7DF00A8DF47 /* AutoSaveMock */ = {
			isa = PBXNativeTarget;
			buildConfigurationList = 6269E2FD29AFD7EA00A8DF47 /* Build configuration list for PBXNativeTarget "AutoSaveMock" */;
			buildPhases = (
				6269E2E629AFD7DF00A8DF47 /* Sources */,
				6269E2E729AFD7DF00A8DF47 /* Frameworks */,
				6269E2E829AFD7DF00A8DF47 /* Resources */,
			);
			buildRules = (
			);
			dependencies = (
			);
			name = AutoSaveMock;
			productName = AutoSaveMock;
			productReference = 6269E2EA29AFD7DF00A8DF47 /* AutoSaveMock.app */;
			productType = "com.apple.product-type.application";
		};
/* End PBXNativeTarget section */

/* Begin PBXProject section */
		6269E2E229AFD7DE00A8DF47 /* Project object */ = {
			isa = PBXProject;
			attributes = {
				BuildIndependentTargetsInParallel = 1;
				LastSwiftUpdateCheck = 1420;
				LastUpgradeCheck = 1420;
				TargetAttributes = {
					6269E2E929AFD7DF00A8DF47 = {
						CreatedOnToolsVersion = 14.2;
					};
				};
			};
			buildConfigurationList = 6269E2E529AFD7DF00A8DF47 /* Build configuration list for PBXProject "AutoSaveMock" */;
			compatibilityVersion = "Xcode 14.0";
			developmentRegion = en;
			hasScannedForEncodings = 0;
			knownRegions = (
				en,
				Base,
			);
			mainGroup = 6269E2E129AFD7DE00A8DF47;
			productRefGroup = 6269E2EB29AFD7DF00A8DF47 /* Products */;
			projectDirPath = "";
			projectRoot = "";
			targets = (
				6269E2E929AFD7DF00A8DF47 /* AutoSaveMock */,
			);
		};
/* End PBXProject section */

/* Begin PBXResourcesBuildPhase section */
		6269E2E829AFD7DF00A8DF47 /* Resources */ = {
			isa = PBXResourcesBuildPhase;
			buildActionMask = 2147483647;
			files = (
				6269E2F529AFD7EA00A8DF47 /* Preview Assets.xcassets in Resources */,
				6269E2F229AFD7EA00A8DF47 /* Assets.xcassets in Resources */,
			);
			runOnlyForDeploymentPostprocessing = 0;
		};
/* End PBXResourcesBuildPhase section */

/* Begin PBXSourcesBuildPhase section */
		6269E2E629AFD7DF00A8DF47 /* Sources */ = {
			isa = PBXSourcesBuildPhase;
			buildActionMask = 2147483647;
			files = (
				1E24796229B006B1003A3D99 /* Enum+Protocol.swift in Sources */,
				62E84B5329B0FF5A00F4168D /* MOC+Extension.swift in Sources */,
				1E102D9829B01B4700C7D4F1 /* Collection+Extension.swift in Sources */,
				1E24796529B007B4003A3D99 /* Enumeration.swift in Sources */,
				1E24795929AFF085003A3D99 /* String+Extension.swift in Sources */,
				6269E2F729AFD7EA00A8DF47 /* Persistence.swift in Sources */,
				1E102D9A29B0210200C7D4F1 /* Image+Extension.swift in Sources */,
				62E84B5129B0FF1900F4168D /* Configuration.swift in Sources */,
				6269E2F029AFD7DF00A8DF47 /* ContentView.swift in Sources */,
				1E24796829B0092D003A3D99 /* Device+CoreData.swift in Sources */,
				1E24794D29AFE286003A3D99 /* Property+CoreData.swift in Sources */,
				6269E2EE29AFD7DF00A8DF47 /* AutoSaveMockApp.swift in Sources */,
				1E24795D29AFF77E003A3D99 /* Int+Extension.swift in Sources */,
				1E7DA00529B37FFC005629C4 /* IconView.swift in Sources */,
				1E24795629AFF00A003A3D99 /* Identifier+CoreData.swift in Sources */,
				6269E2FA29AFD7EA00A8DF47 /* AutoSaveMock.xcdatamodeld in Sources */,
				1E24795B29AFF696003A3D99 /* Date+Extension.swift in Sources */,
				1E24796029AFFC88003A3D99 /* Triad+Protocol.swift in Sources */,
			);
			runOnlyForDeploymentPostprocessing = 0;
		};
/* End PBXSourcesBuildPhase section */

/* Begin XCBuildConfiguration section */
		6269E2FB29AFD7EA00A8DF47 /* Debug */ = {
			isa = XCBuildConfiguration;
			buildSettings = {
				ALWAYS_SEARCH_USER_PATHS = NO;
				CLANG_ANALYZER_NONNULL = YES;
				CLANG_ANALYZER_NUMBER_OBJECT_CONVERSION = YES_AGGRESSIVE;
				CLANG_CXX_LANGUAGE_STANDARD = "gnu++20";
				CLANG_ENABLE_MODULES = YES;
				CLANG_ENABLE_OBJC_ARC = YES;
				CLANG_ENABLE_OBJC_WEAK = YES;
				CLANG_WARN_BLOCK_CAPTURE_AUTORELEASING = YES;
				CLANG_WARN_BOOL_CONVERSION = YES;
				CLANG_WARN_COMMA = YES;
				CLANG_WARN_CONSTANT_CONVERSION = YES;
				CLANG_WARN_DEPRECATED_OBJC_IMPLEMENTATIONS = YES;
				CLANG_WARN_DIRECT_OBJC_ISA_USAGE = YES_ERROR;
				CLANG_WARN_DOCUMENTATION_COMMENTS = YES;
				CLANG_WARN_EMPTY_BODY = YES;
				CLANG_WARN_ENUM_CONVERSION = YES;
				CLANG_WARN_INFINITE_RECURSION = YES;
				CLANG_WARN_INT_CONVERSION = YES;
				CLANG_WARN_NON_LITERAL_NULL_CONVERSION = YES;
				CLANG_WARN_OBJC_IMPLICIT_RETAIN_SELF = YES;
				CLANG_WARN_OBJC_LITERAL_CONVERSION = YES;
				CLANG_WARN_OBJC_ROOT_CLASS = YES_ERROR;
				CLANG_WARN_QUOTED_INCLUDE_IN_FRAMEWORK_HEADER = YES;
				CLANG_WARN_RANGE_LOOP_ANALYSIS = YES;
				CLANG_WARN_STRICT_PROTOTYPES = YES;
				CLANG_WARN_SUSPICIOUS_MOVE = YES;
				CLANG_WARN_UNGUARDED_AVAILABILITY = YES_AGGRESSIVE;
				CLANG_WARN_UNREACHABLE_CODE = YES;
				CLANG_WARN__DUPLICATE_METHOD_MATCH = YES;
				COPY_PHASE_STRIP = NO;
				DEBUG_INFORMATION_FORMAT = dwarf;
				ENABLE_STRICT_OBJC_MSGSEND = YES;
				ENABLE_TESTABILITY = YES;
				GCC_C_LANGUAGE_STANDARD = gnu11;
				GCC_DYNAMIC_NO_PIC = NO;
				GCC_NO_COMMON_BLOCKS = YES;
				GCC_OPTIMIZATION_LEVEL = 0;
				GCC_PREPROCESSOR_DEFINITIONS = (
					"DEBUG=1",
					"$(inherited)",
				);
				GCC_WARN_64_TO_32_BIT_CONVERSION = YES;
				GCC_WARN_ABOUT_RETURN_TYPE = YES_ERROR;
				GCC_WARN_UNDECLARED_SELECTOR = YES;
				GCC_WARN_UNINITIALIZED_AUTOS = YES_AGGRESSIVE;
				GCC_WARN_UNUSED_FUNCTION = YES;
				GCC_WARN_UNUSED_VARIABLE = YES;
				IPHONEOS_DEPLOYMENT_TARGET = 16.2;
				MTL_ENABLE_DEBUG_INFO = INCLUDE_SOURCE;
				MTL_FAST_MATH = YES;
				ONLY_ACTIVE_ARCH = YES;
				SDKROOT = iphoneos;
				SWIFT_ACTIVE_COMPILATION_CONDITIONS = DEBUG;
				SWIFT_OPTIMIZATION_LEVEL = "-Onone";
			};
			name = Debug;
		};
		6269E2FC29AFD7EA00A8DF47 /* Release */ = {
			isa = XCBuildConfiguration;
			buildSettings = {
				ALWAYS_SEARCH_USER_PATHS = NO;
				CLANG_ANALYZER_NONNULL = YES;
				CLANG_ANALYZER_NUMBER_OBJECT_CONVERSION = YES_AGGRESSIVE;
				CLANG_CXX_LANGUAGE_STANDARD = "gnu++20";
				CLANG_ENABLE_MODULES = YES;
				CLANG_ENABLE_OBJC_ARC = YES;
				CLANG_ENABLE_OBJC_WEAK = YES;
				CLANG_WARN_BLOCK_CAPTURE_AUTORELEASING = YES;
				CLANG_WARN_BOOL_CONVERSION = YES;
				CLANG_WARN_COMMA = YES;
				CLANG_WARN_CONSTANT_CONVERSION = YES;
				CLANG_WARN_DEPRECATED_OBJC_IMPLEMENTATIONS = YES;
				CLANG_WARN_DIRECT_OBJC_ISA_USAGE = YES_ERROR;
				CLANG_WARN_DOCUMENTATION_COMMENTS = YES;
				CLANG_WARN_EMPTY_BODY = YES;
				CLANG_WARN_ENUM_CONVERSION = YES;
				CLANG_WARN_INFINITE_RECURSION = YES;
				CLANG_WARN_INT_CONVERSION = YES;
				CLANG_WARN_NON_LITERAL_NULL_CONVERSION = YES;
				CLANG_WARN_OBJC_IMPLICIT_RETAIN_SELF = YES;
				CLANG_WARN_OBJC_LITERAL_CONVERSION = YES;
				CLANG_WARN_OBJC_ROOT_CLASS = YES_ERROR;
				CLANG_WARN_QUOTED_INCLUDE_IN_FRAMEWORK_HEADER = YES;
				CLANG_WARN_RANGE_LOOP_ANALYSIS = YES;
				CLANG_WARN_STRICT_PROTOTYPES = YES;
				CLANG_WARN_SUSPICIOUS_MOVE = YES;
				CLANG_WARN_UNGUARDED_AVAILABILITY = YES_AGGRESSIVE;
				CLANG_WARN_UNREACHABLE_CODE = YES;
				CLANG_WARN__DUPLICATE_METHOD_MATCH = YES;
				COPY_PHASE_STRIP = NO;
				DEBUG_INFORMATION_FORMAT = "dwarf-with-dsym";
				ENABLE_NS_ASSERTIONS = NO;
				ENABLE_STRICT_OBJC_MSGSEND = YES;
				GCC_C_LANGUAGE_STANDARD = gnu11;
				GCC_NO_COMMON_BLOCKS = YES;
				GCC_WARN_64_TO_32_BIT_CONVERSION = YES;
				GCC_WARN_ABOUT_RETURN_TYPE = YES_ERROR;
				GCC_WARN_UNDECLARED_SELECTOR = YES;
				GCC_WARN_UNINITIALIZED_AUTOS = YES_AGGRESSIVE;
				GCC_WARN_UNUSED_FUNCTION = YES;
				GCC_WARN_UNUSED_VARIABLE = YES;
				IPHONEOS_DEPLOYMENT_TARGET = 16.2;
				MTL_ENABLE_DEBUG_INFO = NO;
				MTL_FAST_MATH = YES;
				SDKROOT = iphoneos;
				SWIFT_COMPILATION_MODE = wholemodule;
				SWIFT_OPTIMIZATION_LEVEL = "-O";
				VALIDATE_PRODUCT = YES;
			};
			name = Release;
		};
		6269E2FE29AFD7EA00A8DF47 /* Debug */ = {
			isa = XCBuildConfiguration;
			buildSettings = {
				ASSETCATALOG_COMPILER_APPICON_NAME = AppIcon;
				ASSETCATALOG_COMPILER_GLOBAL_ACCENT_COLOR_NAME = AccentColor;
				CODE_SIGN_STYLE = Automatic;
				CURRENT_PROJECT_VERSION = 1;
				DEVELOPMENT_ASSET_PATHS = "\"AutoSaveMock/Preview Content\"";
				DEVELOPMENT_TEAM = 6H7NA9X6MX;
				ENABLE_PREVIEWS = YES;
				GENERATE_INFOPLIST_FILE = YES;
				INFOPLIST_KEY_UIApplicationSceneManifest_Generation = YES;
				INFOPLIST_KEY_UIApplicationSupportsIndirectInputEvents = YES;
				INFOPLIST_KEY_UILaunchScreen_Generation = YES;
				INFOPLIST_KEY_UISupportedInterfaceOrientations = UIInterfaceOrientationPortrait;
				IPHONEOS_DEPLOYMENT_TARGET = 16.0;
				LD_RUNPATH_SEARCH_PATHS = (
					"$(inherited)",
					"@executable_path/Frameworks",
				);
				MARKETING_VERSION = 1.0;
				PRODUCT_BUNDLE_IDENTIFIER = asia.apps.AutoSaveMock;
				PRODUCT_NAME = "$(TARGET_NAME)";
				SWIFT_EMIT_LOC_STRINGS = YES;
				SWIFT_VERSION = 5.0;
				TARGETED_DEVICE_FAMILY = "1,2";
			};
			name = Debug;
		};
		6269E2FF29AFD7EA00A8DF47 /* Release */ = {
			isa = XCBuildConfiguration;
			buildSettings = {
				ASSETCATALOG_COMPILER_APPICON_NAME = AppIcon;
				ASSETCATALOG_COMPILER_GLOBAL_ACCENT_COLOR_NAME = AccentColor;
				CODE_SIGN_STYLE = Automatic;
				CURRENT_PROJECT_VERSION = 1;
				DEVELOPMENT_ASSET_PATHS = "\"AutoSaveMock/Preview Content\"";
				DEVELOPMENT_TEAM = 6H7NA9X6MX;
				ENABLE_PREVIEWS = YES;
				GENERATE_INFOPLIST_FILE = YES;
				INFOPLIST_KEY_UIApplicationSceneManifest_Generation = YES;
				INFOPLIST_KEY_UIApplicationSupportsIndirectInputEvents = YES;
				INFOPLIST_KEY_UILaunchScreen_Generation = YES;
				INFOPLIST_KEY_UISupportedInterfaceOrientations = UIInterfaceOrientationPortrait;
				IPHONEOS_DEPLOYMENT_TARGET = 16.0;
				LD_RUNPATH_SEARCH_PATHS = (
					"$(inherited)",
					"@executable_path/Frameworks",
				);
				MARKETING_VERSION = 1.0;
				PRODUCT_BUNDLE_IDENTIFIER = asia.apps.AutoSaveMock;
				PRODUCT_NAME = "$(TARGET_NAME)";
				SWIFT_EMIT_LOC_STRINGS = YES;
				SWIFT_VERSION = 5.0;
				TARGETED_DEVICE_FAMILY = "1,2";
			};
			name = Release;
		};
/* End XCBuildConfiguration section */

/* Begin XCConfigurationList section */
		6269E2E529AFD7DF00A8DF47 /* Build configuration list for PBXProject "AutoSaveMock" */ = {
			isa = XCConfigurationList;
			buildConfigurations = (
				6269E2FB29AFD7EA00A8DF47 /* Debug */,
				6269E2FC29AFD7EA00A8DF47 /* Release */,
			);
			defaultConfigurationIsVisible = 0;
			defaultConfigurationName = Release;
		};
		6269E2FD29AFD7EA00A8DF47 /* Build configuration list for PBXNativeTarget "AutoSaveMock" */ = {
			isa = XCConfigurationList;
			buildConfigurations = (
				6269E2FE29AFD7EA00A8DF47 /* Debug */,
				6269E2FF29AFD7EA00A8DF47 /* Release */,
			);
			defaultConfigurationIsVisible = 0;
			defaultConfigurationName = Release;
		};
/* End XCConfigurationList section */

/* Begin XCVersionGroup section */
		6269E2F829AFD7EA00A8DF47 /* AutoSaveMock.xcdatamodeld */ = {
			isa = XCVersionGroup;
			children = (
				6269E2F929AFD7EA00A8DF47 /* AutoSaveMock.xcdatamodel */,
			);
			currentVersion = 6269E2F929AFD7EA00A8DF47 /* AutoSaveMock.xcdatamodel */;
			path = AutoSaveMock.xcdatamodeld;
			sourceTree = "<group>";
			versionGroupType = wrapper.xcdatamodel;
		};
/* End XCVersionGroup section */
	};
	rootObject = 6269E2E229AFD7DE00A8DF47 /* Project object */;
}
